
Microsoft Visual Studio Solution File, Format Version 12.00
# Visual Studio Version 17
VisualStudioVersion = 17.2.32630.192
MinimumVisualStudioVersion = 10.0.40219.1
Project("{FAE04EC0-301F-11D3-BF4B-00C04F79EFBC}") = "LRC_StrLev_DumpReader", "LRC_StrLev_DumpReader\LRC_StrLev_DumpReader.csproj", "{F12CD918-DF4A-41B1-89EF-77607739B09C}"
EndProject
Global
	GlobalSection(SolutionConfigurationPlatforms) = preSolution
		Debug|Any CPU = Debug|Any CPU
		Release|Any CPU = Release|Any CPU
	EndGlobalSection
	GlobalSection(ProjectConfigurationPlatforms) = postSolution
		{F12CD918-DF4A-41B1-89EF-77607739B09C}.Debug|Any CPU.ActiveCfg = Debug|Any CPU
		{F12CD918-DF4A-41B1-89EF-77607739B09C}.Debug|Any CPU.Build.0 = Debug|Any CPU
		{F12CD918-DF4A-41B1-89EF-77607739B09C}.Release|Any CPU.ActiveCfg = Release|Any CPU
		{F12CD918-DF4A-41B1-89EF-77607739B09C}.Release|Any CPU.Build.0 = Release|Any CPU
	EndGlobalSection
	GlobalSection(SolutionProperties) = preSolution
		HideSolutionNode = FALSE
	EndGlobalSection
	GlobalSection(ExtensibilityGlobals) = postSolution
		SolutionGuid = {1B41B2AB-56EF-461F-877D-D79C229BAD92}
	EndGlobalSection
EndGlobal
